%{
  "earmark": {:hex, :earmark, "1.4.18", "618c4ff1563450d1832b7fb41dc6755e470f91a6fd4c70f350a58b14f64a7db8", [:mix], [{:earmark_parser, ">= 1.4.17", [hex: :earmark_parser, repo: "hexpm", optional: false]}], "hexpm", "57ac3b6da3958ed09c669a9b159e86377fcccda56bacde8a209fa4dcdef52560"},
  "ex_doc": {:hex, :ex_doc, "0.25.5", "ac3c5425a80b4b7c4dfecdf51fa9c23a44877124dd8ca34ee45ff608b1c6deb9", [:mix], [{:earmark_parser, "~> 1.4.0", [hex: :earmark_parser, repo: "hexpm", optional: false]}, {:makeup_elixir, "~> 0.14", [hex: :makeup_elixir, repo: "hexpm", optional: false]}, {:makeup_erlang, "~> 0.1", [hex: :makeup_erlang, repo: "hexpm", optional: false]}], "hexpm", "688cfa538cdc146bc4291607764a7f1fcfa4cce8009ecd62de03b27197528350"},
  "expassword": {:git, "https://github.com/julp/expassword.git", "4d5c16b5ede19c00399bff85462d43ebc8fbfa03", [branch: "registry"]},
}
